// !$*UTF8*$!
{
	archiveVersion = 1;
	classes = {
	};
	objectVersion = 46;
	objects = {

/* Begin PBXBuildFile section */
		8B42CC3913DD0CE400E66EF2 /* main.cpp in Sources */ = {isa = PBXBuildFile; fileRef = 8B42CC3813DD0CE400E66EF2 /* main.cpp */; };
		8B42CC3B13DD0CE400E66EF2 /* Simple.1 in CopyFiles */ = {isa = PBXBuildFile; fileRef = 8B42CC3A13DD0CE400E66EF2 /* Simple.1 */; };
/* End PBXBuildFile section */

/* Begin PBXCopyFilesBuildPhase section */
		8B42CC3213DD0CE300E66EF2 /* CopyFiles */ = {
			isa = PBXCopyFilesBuildPhase;
			buildActionMask = 2147483647;
			dstPath = /usr/share/man/man1/;
			dstSubfolderSpec = 0;
			files = (
				8B42CC3B13DD0CE400E66EF2 /* Simple.1 in CopyFiles */,
			);
			runOnlyForDeploymentPostprocessing = 1;
		};
/* End PBXCopyFilesBuildPhase section */

/* Begin PBXFileReference section */
		8B42CC3413DD0CE300E66EF2 /* Simple */ = {isa = PBXFileReference; explicitFileType = "compiled.mach-o.executable"; includeInIndex = 0; path = Simple; sourceTree = BUILT_PRODUCTS_DIR; };
		8B42CC3813DD0CE400E66EF2 /* main.cpp */ = {isa = PBXFileReference; lastKnownFileType = sourcecode.cpp.cpp; path = main.cpp; sourceTree = "<group>"; };
		8B42CC3A13DD0CE400E66EF2 /* Simple.1 */ = {isa = PBXFileReference; lastKnownFileType = text.man; path = Simple.1; sourceTree = "<group>"; };
/* End PBXFileReference section */

/* Begin PBXFrameworksBuildPhase section */
		8B42CC3113DD0CE300E66EF2 /* Frameworks */ = {
			isa = PBXFrameworksBuildPhase;
			buildActionMask = 2147483647;
			files = (
			);
			runOnlyForDeploymentPostprocessing = 0;
		};
/* End PBXFrameworksBuildPhase section */

/* Begin PBXGroup section */
		8B42CC2913DD0CE300E66EF2 = {
			isa = PBXGroup;
			children = (
				8B42CC3713DD0CE400E66EF2 /* Simple */,
				8B42CC3513DD0CE300E66EF2 /* Products */,
			);
			sourceTree = "<group>";
		};
		8B42CC3513DD0CE300E66EF2 /* Products */ = {
			isa = PBXGroup;
			children = (
				8B42CC3413DD0CE300E66EF2 /* Simple */,
			);
			name = Products;
			sourceTree = "<group>";
		};
		8B42CC3713DD0CE400E66EF2 /* Simple */ = {
			isa = PBXGroup;
			children = (
				8B42CC3813DD0CE400E66EF2 /* main.cpp */,
				8B42CC3A13DD0CE400E66EF2 /* Simple.1 */,
			);
			path = Simple;
			sourceTree = "<group>";
		};
/* End PBXGroup section */

/* Begin PBXNativeTarget section */
		8B42CC3313DD0CE300E66EF2 /* Simple */ = {
			isa = PBXNativeTarget;
			buildConfigurationList = 8B42CC3E13DD0CE400E66EF2 /* Build configuration list for PBXNativeTarget "Simple" */;
			buildPhases = (
				8B42CC3013DD0CE300E66EF2 /* Sources */,
				8B42CC3113DD0CE300E66EF2 /* Frameworks */,
				8B42CC3213DD0CE300E66EF2 /* CopyFiles */,
			);
			buildRules = (
			);
			dependencies = (
			);
			name = Simple;
			productName = Simple;
			productReference = 8B42CC3413DD0CE300E66EF2 /* Simple */;
			productType = "com.apple.product-type.tool";
		};
/* End PBXNativeTarget section */

/* Begin PBXProject section */
		8B42CC2B13DD0CE300E66EF2 /* Project object */ = {
			isa = PBXProject;
			attributes = {
				ORGANIZATIONNAME = "University Of New England";
			};
			buildConfigurationList = 8B42CC2E13DD0CE300E66EF2 /* Build configuration list for PBXProject "Simple" */;
			compatibilityVersion = "Xcode 3.2";
			developmentRegion = English;
			hasScannedForEncodings = 0;
			knownRegions = (
				en,
			);
			mainGroup = 8B42CC2913DD0CE300E66EF2;
			productRefGroup = 8B42CC3513DD0CE300E66EF2 /* Products */;
			projectDirPath = "";
			projectRoot = "";
			targets = (
				8B42CC3313DD0CE300E66EF2 /* Simple */,
			);
		};
/* End PBXProject section */

/* Begin PBXSourcesBuildPhase section */
		8B42CC3013DD0CE300E66EF2 /* Sources */ = {
			isa = PBXSourcesBuildPhase;
			buildActionMask = 2147483647;
			files = (
				8B42CC3913DD0CE400E66EF2 /* main.cpp in Sources */,
			);
			runOnlyForDeploymentPostprocessing = 0;
		};
/* End PBXSourcesBuildPhase section */

/* Begin XCBuildConfiguration section */
		8B42CC3C13DD0CE400E66EF2 /* Debug */ = {
			isa = XCBuildConfiguration;
			buildSettings = {
				ALWAYS_SEARCH_USER_PATHS = NO;
				ARCHS = "$(ARCHS_STANDARD_64_BIT)";
				COPY_PHASE_STRIP = NO;
				GCC_C_LANGUAGE_STANDARD = gnu99;
				GCC_DYNAMIC_NO_PIC = NO;
				GCC_ENABLE_OBJC_EXCEPTIONS = YES;
				GCC_OPTIMIZATION_LEVEL = 0;
				GCC_PREPROCESSOR_DEFINITIONS = (
					"DEBUG=1",
					"$(inherited)",
				);
				GCC_SYMBOLS_PRIVATE_EXTERN = NO;
				GCC_VERSION = com.apple.compilers.llvm.clang.1_0;
				GCC_WARN_64_TO_32_BIT_CONVERSION = YES;
				GCC_WARN_ABOUT_MISSING_PROTOTYPES = YES;
				GCC_WARN_ABOUT_RETURN_TYPE = YES;
				GCC_WARN_UNUSED_VARIABLE = YES;
				MACOSX_DEPLOYMENT_TARGET = 10.7;
				ONLY_ACTIVE_ARCH = YES;
				SDKROOT = macosx;
			};
			name = Debug;
		};
		8B42CC3D13DD0CE400E66EF2 /* Release */ = {
			isa = XCBuildConfiguration;
			buildSettings = {
				ALWAYS_SEARCH_USER_PATHS = NO;
				ARCHS = "$(ARCHS_STANDARD_64_BIT)";
				COPY_PHASE_STRIP = YES;
				DEBUG_INFORMATION_FORMAT = "dwarf-with-dsym";
				GCC_C_LANGUAGE_STANDARD = gnu99;
				GCC_ENABLE_OBJC_EXCEPTIONS = YES;
				GCC_VERSION = com.apple.compilers.llvm.clang.1_0;
				GCC_WARN_64_TO_32_BIT_CONVERSION = YES;
				GCC_WARN_ABOUT_MISSING_PROTOTYPES = YES;
				GCC_WARN_ABOUT_RETURN_TYPE = YES;
				GCC_WARN_UNUSED_VARIABLE = YES;
				MACOSX_DEPLOYMENT_TARGET = 10.7;
				SDKROOT = macosx;
			};
			name = Release;
		};
		8B42CC3F13DD0CE400E66EF2 /* Debug */ = {
			isa = XCBuildConfiguration;
			buildSettings = {
				PRODUCT_NAME = "$(TARGET_NAME)";
			};
			name = Debug;
		};
		8B42CC4013DD0CE400E66EF2 /* Release */ = {
			isa = XCBuildConfiguration;
			buildSettings = {
				PRODUCT_NAME = "$(TARGET_NAME)";
			};
			name = Release;
		};
/* End XCBuildConfiguration section */

/* Begin XCConfigurationList section */
		8B42CC2E13DD0CE300E66EF2 /* Build configuration list for PBXProject "Simple" */ = {
			isa = XCConfigurationList;
			buildConfigurations = (
				8B42CC3C13DD0CE400E66EF2 /* Debug */,
				8B42CC3D13DD0CE400E66EF2 /* Release */,
			);
			defaultConfigurationIsVisible = 0;
			defaultConfigurationName = Release;
		};
		8B42CC3E13DD0CE400E66EF2 /* Build configuration list for PBXNativeTarget "Simple" */ = {
			isa = XCConfigurationList;
			buildConfigurations = (
				8B42CC3F13DD0CE400E66EF2 /* Debug */,
				8B42CC4013DD0CE400E66EF2 /* Release */,
			);
			defaultConfigurationIsVisible = 0;
		};
/* End XCConfigurationList section */
	};
	rootObject = 8B42CC2B13DD0CE300E66EF2 /* Project object */;
}
